
Microsoft Visual Studio Solution File, Format Version 12.00
# Visual Studio Version 16
VisualStudioVersion = 16.0.29123.88
MinimumVisualStudioVersion = 10.0.40219.1
Project("{9A19103F-16F7-4668-BE54-9A1E7A4F7556}") = "A-Star", "A-Star\A-Star.csproj", "{59E9844B-390E-4FE9-BAD7-50E00BFB9080}"
EndProject
Project("{FAE04EC0-301F-11D3-BF4B-00C04F79EFBC}") = "A-StarTest", "A-StarTest\A-StarTest.csproj", "{84D9733F-E7CB-45C0-A829-7AE3D3AAE065}"
EndProject
Global
	GlobalSection(SolutionConfigurationPlatforms) = preSolution
		Debug|Any CPU = Debug|Any CPU
		Release|Any CPU = Release|Any CPU
	EndGlobalSection
	GlobalSection(ProjectConfigurationPlatforms) = postSolution
		{59E9844B-390E-4FE9-BAD7-50E00BFB9080}.Debug|Any CPU.ActiveCfg = Debug|Any CPU
		{59E9844B-390E-4FE9-BAD7-50E00BFB9080}.Debug|Any CPU.Build.0 = Debug|Any CPU
		{59E9844B-390E-4FE9-BAD7-50E00BFB9080}.Release|Any CPU.ActiveCfg = Release|Any CPU
		{59E9844B-390E-4FE9-BAD7-50E00BFB9080}.Release|Any CPU.Build.0 = Release|Any CPU
		{84D9733F-E7CB-45C0-A829-7AE3D3AAE065}.Debug|Any CPU.ActiveCfg = Debug|Any CPU
		{84D9733F-E7CB-45C0-A829-7AE3D3AAE065}.Debug|Any CPU.Build.0 = Debug|Any CPU
		{84D9733F-E7CB-45C0-A829-7AE3D3AAE065}.Release|Any CPU.ActiveCfg = Release|Any CPU
		{84D9733F-E7CB-45C0-A829-7AE3D3AAE065}.Release|Any CPU.Build.0 = Release|Any CPU
	EndGlobalSection
	GlobalSection(SolutionProperties) = preSolution
		HideSolutionNode = FALSE
	EndGlobalSection
	GlobalSection(ExtensibilityGlobals) = postSolution
		SolutionGuid = {86841E7D-75BC-4F2E-A102-23F3DDCB9CD5}
	EndGlobalSection
EndGlobal
